
Microsoft Visual Studio Solution File, Format Version 12.00
# Visual Studio Version 17
VisualStudioVersion = 17.7.34009.444
MinimumVisualStudioVersion = 10.0.40219.1
Project("{9A19103F-16F7-4668-BE54-9A1E7A4F7556}") = "Consultas.API", "Consultas.API\Consultas.API.csproj", "{93D317CD-BF02-482C-9E67-77AD0F3426A5}"
EndProject
Project("{9A19103F-16F7-4668-BE54-9A1E7A4F7556}") = "Consultas.Web", "Consultas.Web\Consultas.Web.csproj", "{D5E357C3-4027-4FB2-BB0B-A43E9CE6E940}"
EndProject
Global
	GlobalSection(SolutionConfigurationPlatforms) = preSolution
		Debug|Any CPU = Debug|Any CPU
		Release|Any CPU = Release|Any CPU
	EndGlobalSection
	GlobalSection(ProjectConfigurationPlatforms) = postSolution
		{93D317CD-BF02-482C-9E67-77AD0F3426A5}.Debug|Any CPU.ActiveCfg = Debug|Any CPU
		{93D317CD-BF02-482C-9E67-77AD0F3426A5}.Debug|Any CPU.Build.0 = Debug|Any CPU
		{93D317CD-BF02-482C-9E67-77AD0F3426A5}.Release|Any CPU.ActiveCfg = Release|Any CPU
		{93D317CD-BF02-482C-9E67-77AD0F3426A5}.Release|Any CPU.Build.0 = Release|Any CPU
		{D5E357C3-4027-4FB2-BB0B-A43E9CE6E940}.Debug|Any CPU.ActiveCfg = Debug|Any CPU
		{D5E357C3-4027-4FB2-BB0B-A43E9CE6E940}.Debug|Any CPU.Build.0 = Debug|Any CPU
		{D5E357C3-4027-4FB2-BB0B-A43E9CE6E940}.Release|Any CPU.ActiveCfg = Release|Any CPU
		{D5E357C3-4027-4FB2-BB0B-A43E9CE6E940}.Release|Any CPU.Build.0 = Release|Any CPU
	EndGlobalSection
	GlobalSection(SolutionProperties) = preSolution
		HideSolutionNode = FALSE
	EndGlobalSection
	GlobalSection(ExtensibilityGlobals) = postSolution
		SolutionGuid = {499AD929-9E6B-4881-9BF9-CF2F3ED491B3}
	EndGlobalSection
EndGlobal
